// !$*UTF8*$!
{
	archiveVersion = 1;
	classes = {
	};
	objectVersion = 56;
	objects = {

/* Begin PBXBuildFile section */
		ABC71B922903AF45002EF41D /* Inflearn_SwiftUIApp.swift in Sources */ = {isa = PBXBuildFile; fileRef = ABC71B912903AF45002EF41D /* Inflearn_SwiftUIApp.swift */; };
		ABC71B962903AF47002EF41D /* Assets.xcassets in Resources */ = {isa = PBXBuildFile; fileRef = ABC71B952903AF47002EF41D /* Assets.xcassets */; };
		ABC71B992903AF47002EF41D /* Preview Assets.xcassets in Resources */ = {isa = PBXBuildFile; fileRef = ABC71B982903AF47002EF41D /* Preview Assets.xcassets */; };
		ABC71BA02903AF81002EF41D /* MyButton.swift in Sources */ = {isa = PBXBuildFile; fileRef = ABC71B9F2903AF81002EF41D /* MyButton.swift */; };
		ABC71BA22903B039002EF41D /* MyText.swift in Sources */ = {isa = PBXBuildFile; fileRef = ABC71BA12903B039002EF41D /* MyText.swift */; };
		ABC71BA42903B074002EF41D /* MyImage.swift in Sources */ = {isa = PBXBuildFile; fileRef = ABC71BA32903B074002EF41D /* MyImage.swift */; };
		ABC71BA62903B0C1002EF41D /* MyStack.swift in Sources */ = {isa = PBXBuildFile; fileRef = ABC71BA52903B0C1002EF41D /* MyStack.swift */; };
		ABC71BA82903B0F9002EF41D /* MyScrollView.swift in Sources */ = {isa = PBXBuildFile; fileRef = ABC71BA72903B0F9002EF41D /* MyScrollView.swift */; };
		ABC71BAC2903B16F002EF41D /* MyList.swift in Sources */ = {isa = PBXBuildFile; fileRef = ABC71BAB2903B16F002EF41D /* MyList.swift */; };
		ABC71BAE2903B1E2002EF41D /* MySection.swift in Sources */ = {isa = PBXBuildFile; fileRef = ABC71BAD2903B1E2002EF41D /* MySection.swift */; };
/* End PBXBuildFile section */

/* Begin PBXFileReference section */
		ABC71B8E2903AF45002EF41D /* Inflearn-SwiftUI.app */ = {isa = PBXFileReference; explicitFileType = wrapper.application; includeInIndex = 0; path = "Inflearn-SwiftUI.app"; sourceTree = BUILT_PRODUCTS_DIR; };
		ABC71B912903AF45002EF41D /* Inflearn_SwiftUIApp.swift */ = {isa = PBXFileReference; lastKnownFileType = sourcecode.swift; path = Inflearn_SwiftUIApp.swift; sourceTree = "<group>"; };
		ABC71B952903AF47002EF41D /* Assets.xcassets */ = {isa = PBXFileReference; lastKnownFileType = folder.assetcatalog; path = Assets.xcassets; sourceTree = "<group>"; };
		ABC71B982903AF47002EF41D /* Preview Assets.xcassets */ = {isa = PBXFileReference; lastKnownFileType = folder.assetcatalog; path = "Preview Assets.xcassets"; sourceTree = "<group>"; };
		ABC71B9F2903AF81002EF41D /* MyButton.swift */ = {isa = PBXFileReference; lastKnownFileType = sourcecode.swift; path = MyButton.swift; sourceTree = "<group>"; };
		ABC71BA12903B039002EF41D /* MyText.swift */ = {isa = PBXFileReference; lastKnownFileType = sourcecode.swift; path = MyText.swift; sourceTree = "<group>"; };
		ABC71BA32903B074002EF41D /* MyImage.swift */ = {isa = PBXFileReference; lastKnownFileType = sourcecode.swift; path = MyImage.swift; sourceTree = "<group>"; };
		ABC71BA52903B0C1002EF41D /* MyStack.swift */ = {isa = PBXFileReference; lastKnownFileType = sourcecode.swift; path = MyStack.swift; sourceTree = "<group>"; };
		ABC71BA72903B0F9002EF41D /* MyScrollView.swift */ = {isa = PBXFileReference; lastKnownFileType = sourcecode.swift; path = MyScrollView.swift; sourceTree = "<group>"; };
		ABC71BAB2903B16F002EF41D /* MyList.swift */ = {isa = PBXFileReference; lastKnownFileType = sourcecode.swift; path = MyList.swift; sourceTree = "<group>"; };
		ABC71BAD2903B1E2002EF41D /* MySection.swift */ = {isa = PBXFileReference; lastKnownFileType = sourcecode.swift; path = MySection.swift; sourceTree = "<group>"; };
/* End PBXFileReference section */

/* Begin PBXFrameworksBuildPhase section */
		ABC71B8B2903AF45002EF41D /* Frameworks */ = {
			isa = PBXFrameworksBuildPhase;
			buildActionMask = 2147483647;
			files = (
			);
			runOnlyForDeploymentPostprocessing = 0;
		};
/* End PBXFrameworksBuildPhase section */

/* Begin PBXGroup section */
		ABC71B852903AF45002EF41D = {
			isa = PBXGroup;
			children = (
				ABC71B902903AF45002EF41D /* Inflearn-SwiftUI */,
				ABC71B8F2903AF45002EF41D /* Products */,
			);
			sourceTree = "<group>";
		};
		ABC71B8F2903AF45002EF41D /* Products */ = {
			isa = PBXGroup;
			children = (
				ABC71B8E2903AF45002EF41D /* Inflearn-SwiftUI.app */,
			);
			name = Products;
			sourceTree = "<group>";
		};
		ABC71B902903AF45002EF41D /* Inflearn-SwiftUI */ = {
			isa = PBXGroup;
			children = (
				ABC71B912903AF45002EF41D /* Inflearn_SwiftUIApp.swift */,
				ABC71B952903AF47002EF41D /* Assets.xcassets */,
				ABC71B972903AF47002EF41D /* Preview Content */,
				ABC71B9F2903AF81002EF41D /* MyButton.swift */,
				ABC71BA12903B039002EF41D /* MyText.swift */,
				ABC71BA32903B074002EF41D /* MyImage.swift */,
				ABC71BA52903B0C1002EF41D /* MyStack.swift */,
				ABC71BA72903B0F9002EF41D /* MyScrollView.swift */,
				ABC71BAB2903B16F002EF41D /* MyList.swift */,
				ABC71BAD2903B1E2002EF41D /* MySection.swift */,
			);
			path = "Inflearn-SwiftUI";
			sourceTree = "<group>";
		};
		ABC71B972903AF47002EF41D /* Preview Content */ = {
			isa = PBXGroup;
			children = (
				ABC71B982903AF47002EF41D /* Preview Assets.xcassets */,
			);
			path = "Preview Content";
			sourceTree = "<group>";
		};
/* End PBXGroup section */

/* Begin PBXNativeTarget section */
		ABC71B8D2903AF45002EF41D /* Inflearn-SwiftUI */ = {
			isa = PBXNativeTarget;
			buildConfigurationList = ABC71B9C2903AF47002EF41D /* Build configuration list for PBXNativeTarget "Inflearn-SwiftUI" */;
			buildPhases = (
				ABC71B8A2903AF45002EF41D /* Sources */,
				ABC71B8B2903AF45002EF41D /* Frameworks */,
				ABC71B8C2903AF45002EF41D /* Resources */,
			);
			buildRules = (
			);
			dependencies = (
			);
			name = "Inflearn-SwiftUI";
			productName = "Inflearn-SwiftUI";
			productReference = ABC71B8E2903AF45002EF41D /* Inflearn-SwiftUI.app */;
			productType = "com.apple.product-type.application";
		};
/* End PBXNativeTarget section */

/* Begin PBXProject section */
		ABC71B862903AF45002EF41D /* Project object */ = {
			isa = PBXProject;
			attributes = {
				BuildIndependentTargetsInParallel = 1;
				LastSwiftUpdateCheck = 1400;
				LastUpgradeCheck = 1400;
				TargetAttributes = {
					ABC71B8D2903AF45002EF41D = {
						CreatedOnToolsVersion = 14.0.1;
					};
				};
			};
			buildConfigurationList = ABC71B892903AF45002EF41D /* Build configuration list for PBXProject "Inflearn-SwiftUI" */;
			compatibilityVersion = "Xcode 14.0";
			developmentRegion = en;
			hasScannedForEncodings = 0;
			knownRegions = (
				en,
				Base,
			);
			mainGroup = ABC71B852903AF45002EF41D;
			productRefGroup = ABC71B8F2903AF45002EF41D /* Products */;
			projectDirPath = "";
			projectRoot = "";
			targets = (
				ABC71B8D2903AF45002EF41D /* Inflearn-SwiftUI */,
			);
		};
/* End PBXProject section */

/* Begin PBXResourcesBuildPhase section */
		ABC71B8C2903AF45002EF41D /* Resources */ = {
			isa = PBXResourcesBuildPhase;
			buildActionMask = 2147483647;
			files = (
				ABC71B992903AF47002EF41D /* Preview Assets.xcassets in Resources */,
				ABC71B962903AF47002EF41D /* Assets.xcassets in Resources */,
			);
			runOnlyForDeploymentPostprocessing = 0;
		};
/* End PBXResourcesBuildPhase section */

/* Begin PBXSourcesBuildPhase section */
		ABC71B8A2903AF45002EF41D /* Sources */ = {
			isa = PBXSourcesBuildPhase;
			buildActionMask = 2147483647;
			files = (
				ABC71BA22903B039002EF41D /* MyText.swift in Sources */,
				ABC71BA82903B0F9002EF41D /* MyScrollView.swift in Sources */,
				ABC71BA42903B074002EF41D /* MyImage.swift in Sources */,
				ABC71B922903AF45002EF41D /* Inflearn_SwiftUIApp.swift in Sources */,
				ABC71BA02903AF81002EF41D /* MyButton.swift in Sources */,
				ABC71BAE2903B1E2002EF41D /* MySection.swift in Sources */,
				ABC71BAC2903B16F002EF41D /* MyList.swift in Sources */,
				ABC71BA62903B0C1002EF41D /* MyStack.swift in Sources */,
			);
			runOnlyForDeploymentPostprocessing = 0;
		};
/* End PBXSourcesBuildPhase section */

/* Begin XCBuildConfiguration section */
		ABC71B9A2903AF47002EF41D /* Debug */ = {
			isa = XCBuildConfiguration;
			buildSettings = {
				ALWAYS_SEARCH_USER_PATHS = NO;
				CLANG_ANALYZER_NONNULL = YES;
				CLANG_ANALYZER_NUMBER_OBJECT_CONVERSION = YES_AGGRESSIVE;
				CLANG_CXX_LANGUAGE_STANDARD = "gnu++20";
				CLANG_ENABLE_MODULES = YES;
				CLANG_ENABLE_OBJC_ARC = YES;
				CLANG_ENABLE_OBJC_WEAK = YES;
				CLANG_WARN_BLOCK_CAPTURE_AUTORELEASING = YES;
				CLANG_WARN_BOOL_CONVERSION = YES;
				CLANG_WARN_COMMA = YES;
				CLANG_WARN_CONSTANT_CONVERSION = YES;
				CLANG_WARN_DEPRECATED_OBJC_IMPLEMENTATIONS = YES;
				CLANG_WARN_DIRECT_OBJC_ISA_USAGE = YES_ERROR;
				CLANG_WARN_DOCUMENTATION_COMMENTS = YES;
				CLANG_WARN_EMPTY_BODY = YES;
				CLANG_WARN_ENUM_CONVERSION = YES;
				CLANG_WARN_INFINITE_RECURSION = YES;
				CLANG_WARN_INT_CONVERSION = YES;
				CLANG_WARN_NON_LITERAL_NULL_CONVERSION = YES;
				CLANG_WARN_OBJC_IMPLICIT_RETAIN_SELF = YES;
				CLANG_WARN_OBJC_LITERAL_CONVERSION = YES;
				CLANG_WARN_OBJC_ROOT_CLASS = YES_ERROR;
				CLANG_WARN_QUOTED_INCLUDE_IN_FRAMEWORK_HEADER = YES;
				CLANG_WARN_RANGE_LOOP_ANALYSIS = YES;
				CLANG_WARN_STRICT_PROTOTYPES = YES;
				CLANG_WARN_SUSPICIOUS_MOVE = YES;
				CLANG_WARN_UNGUARDED_AVAILABILITY = YES_AGGRESSIVE;
				CLANG_WARN_UNREACHABLE_CODE = YES;
				CLANG_WARN__DUPLICATE_METHOD_MATCH = YES;
				COPY_PHASE_STRIP = NO;
				DEBUG_INFORMATION_FORMAT = dwarf;
				ENABLE_STRICT_OBJC_MSGSEND = YES;
				ENABLE_TESTABILITY = YES;
				GCC_C_LANGUAGE_STANDARD = gnu11;
				GCC_DYNAMIC_NO_PIC = NO;
				GCC_NO_COMMON_BLOCKS = YES;
				GCC_OPTIMIZATION_LEVEL = 0;
				GCC_PREPROCESSOR_DEFINITIONS = (
					"DEBUG=1",
					"$(inherited)",
				);
				GCC_WARN_64_TO_32_BIT_CONVERSION = YES;
				GCC_WARN_ABOUT_RETURN_TYPE = YES_ERROR;
				GCC_WARN_UNDECLARED_SELECTOR = YES;
				GCC_WARN_UNINITIALIZED_AUTOS = YES_AGGRESSIVE;
				GCC_WARN_UNUSED_FUNCTION = YES;
				GCC_WARN_UNUSED_VARIABLE = YES;
				IPHONEOS_DEPLOYMENT_TARGET = 16.0;
				MTL_ENABLE_DEBUG_INFO = INCLUDE_SOURCE;
				MTL_FAST_MATH = YES;
				ONLY_ACTIVE_ARCH = YES;
				SDKROOT = iphoneos;
				SWIFT_ACTIVE_COMPILATION_CONDITIONS = DEBUG;
				SWIFT_OPTIMIZATION_LEVEL = "-Onone";
			};
			name = Debug;
		};
		ABC71B9B2903AF47002EF41D /* Release */ = {
			isa = XCBuildConfiguration;
			buildSettings = {
				ALWAYS_SEARCH_USER_PATHS = NO;
				CLANG_ANALYZER_NONNULL = YES;
				CLANG_ANALYZER_NUMBER_OBJECT_CONVERSION = YES_AGGRESSIVE;
				CLANG_CXX_LANGUAGE_STANDARD = "gnu++20";
				CLANG_ENABLE_MODULES = YES;
				CLANG_ENABLE_OBJC_ARC = YES;
				CLANG_ENABLE_OBJC_WEAK = YES;
				CLANG_WARN_BLOCK_CAPTURE_AUTORELEASING = YES;
				CLANG_WARN_BOOL_CONVERSION = YES;
				CLANG_WARN_COMMA = YES;
				CLANG_WARN_CONSTANT_CONVERSION = YES;
				CLANG_WARN_DEPRECATED_OBJC_IMPLEMENTATIONS = YES;
				CLANG_WARN_DIRECT_OBJC_ISA_USAGE = YES_ERROR;
				CLANG_WARN_DOCUMENTATION_COMMENTS = YES;
				CLANG_WARN_EMPTY_BODY = YES;
				CLANG_WARN_ENUM_CONVERSION = YES;
				CLANG_WARN_INFINITE_RECURSION = YES;
				CLANG_WARN_INT_CONVERSION = YES;
				CLANG_WARN_NON_LITERAL_NULL_CONVERSION = YES;
				CLANG_WARN_OBJC_IMPLICIT_RETAIN_SELF = YES;
				CLANG_WARN_OBJC_LITERAL_CONVERSION = YES;
				CLANG_WARN_OBJC_ROOT_CLASS = YES_ERROR;
				CLANG_WARN_QUOTED_INCLUDE_IN_FRAMEWORK_HEADER = YES;
				CLANG_WARN_RANGE_LOOP_ANALYSIS = YES;
				CLANG_WARN_STRICT_PROTOTYPES = YES;
				CLANG_WARN_SUSPICIOUS_MOVE = YES;
				CLANG_WARN_UNGUARDED_AVAILABILITY = YES_AGGRESSIVE;
				CLANG_WARN_UNREACHABLE_CODE = YES;
				CLANG_WARN__DUPLICATE_METHOD_MATCH = YES;
				COPY_PHASE_STRIP = NO;
				DEBUG_INFORMATION_FORMAT = "dwarf-with-dsym";
				ENABLE_NS_ASSERTIONS = NO;
				ENABLE_STRICT_OBJC_MSGSEND = YES;
				GCC_C_LANGUAGE_STANDARD = gnu11;
				GCC_NO_COMMON_BLOCKS = YES;
				GCC_WARN_64_TO_32_BIT_CONVERSION = YES;
				GCC_WARN_ABOUT_RETURN_TYPE = YES_ERROR;
				GCC_WARN_UNDECLARED_SELECTOR = YES;
				GCC_WARN_UNINITIALIZED_AUTOS = YES_AGGRESSIVE;
				GCC_WARN_UNUSED_FUNCTION = YES;
				GCC_WARN_UNUSED_VARIABLE = YES;
				IPHONEOS_DEPLOYMENT_TARGET = 16.0;
				MTL_ENABLE_DEBUG_INFO = NO;
				MTL_FAST_MATH = YES;
				SDKROOT = iphoneos;
				SWIFT_COMPILATION_MODE = wholemodule;
				SWIFT_OPTIMIZATION_LEVEL = "-O";
				VALIDATE_PRODUCT = YES;
			};
			name = Release;
		};
		ABC71B9D2903AF47002EF41D /* Debug */ = {
			isa = XCBuildConfiguration;
			buildSettings = {
				ASSETCATALOG_COMPILER_APPICON_NAME = AppIcon;
				ASSETCATALOG_COMPILER_GLOBAL_ACCENT_COLOR_NAME = AccentColor;
				CODE_SIGN_STYLE = Automatic;
				CURRENT_PROJECT_VERSION = 1;
				DEVELOPMENT_ASSET_PATHS = "\"Inflearn-SwiftUI/Preview Content\"";
				DEVELOPMENT_TEAM = N3H5YNSQ64;
				ENABLE_PREVIEWS = YES;
				GENERATE_INFOPLIST_FILE = YES;
				INFOPLIST_KEY_UIApplicationSceneManifest_Generation = YES;
				INFOPLIST_KEY_UIApplicationSupportsIndirectInputEvents = YES;
				INFOPLIST_KEY_UILaunchScreen_Generation = YES;
				INFOPLIST_KEY_UISupportedInterfaceOrientations_iPad = "UIInterfaceOrientationPortrait UIInterfaceOrientationPortraitUpsideDown UIInterfaceOrientationLandscapeLeft UIInterfaceOrientationLandscapeRight";
				INFOPLIST_KEY_UISupportedInterfaceOrientations_iPhone = "UIInterfaceOrientationPortrait UIInterfaceOrientationLandscapeLeft UIInterfaceOrientationLandscapeRight";
				LD_RUNPATH_SEARCH_PATHS = (
					"$(inherited)",
					"@executable_path/Frameworks",
				);
				MARKETING_VERSION = 1.0;
				PRODUCT_BUNDLE_IDENTIFIER = "min.Inflearn-SwiftUI";
				PRODUCT_NAME = "$(TARGET_NAME)";
				SWIFT_EMIT_LOC_STRINGS = YES;
				SWIFT_VERSION = 5.0;
				TARGETED_DEVICE_FAMILY = "1,2";
			};
			name = Debug;
		};
		ABC71B9E2903AF47002EF41D /* Release */ = {
			isa = XCBuildConfiguration;
			buildSettings = {
				ASSETCATALOG_COMPILER_APPICON_NAME = AppIcon;
				ASSETCATALOG_COMPILER_GLOBAL_ACCENT_COLOR_NAME = AccentColor;
				CODE_SIGN_STYLE = Automatic;
				CURRENT_PROJECT_VERSION = 1;
				DEVELOPMENT_ASSET_PATHS = "\"Inflearn-SwiftUI/Preview Content\"";
				DEVELOPMENT_TEAM = N3H5YNSQ64;
				ENABLE_PREVIEWS = YES;
				GENERATE_INFOPLIST_FILE = YES;
				INFOPLIST_KEY_UIApplicationSceneManifest_Generation = YES;
				INFOPLIST_KEY_UIApplicationSupportsIndirectInputEvents = YES;
				INFOPLIST_KEY_UILaunchScreen_Generation = YES;
				INFOPLIST_KEY_UISupportedInterfaceOrientations_iPad = "UIInterfaceOrientationPortrait UIInterfaceOrientationPortraitUpsideDown UIInterfaceOrientationLandscapeLeft UIInterfaceOrientationLandscapeRight";
				INFOPLIST_KEY_UISupportedInterfaceOrientations_iPhone = "UIInterfaceOrientationPortrait UIInterfaceOrientationLandscapeLeft UIInterfaceOrientationLandscapeRight";
				LD_RUNPATH_SEARCH_PATHS = (
					"$(inherited)",
					"@executable_path/Frameworks",
				);
				MARKETING_VERSION = 1.0;
				PRODUCT_BUNDLE_IDENTIFIER = "min.Inflearn-SwiftUI";
				PRODUCT_NAME = "$(TARGET_NAME)";
				SWIFT_EMIT_LOC_STRINGS = YES;
				SWIFT_VERSION = 5.0;
				TARGETED_DEVICE_FAMILY = "1,2";
			};
			name = Release;
		};
/* End XCBuildConfiguration section */

/* Begin XCConfigurationList section */
		ABC71B892903AF45002EF41D /* Build configuration list for PBXProject "Inflearn-SwiftUI" */ = {
			isa = XCConfigurationList;
			buildConfigurations = (
				ABC71B9A2903AF47002EF41D /* Debug */,
				ABC71B9B2903AF47002EF41D /* Release */,
			);
			defaultConfigurationIsVisible = 0;
			defaultConfigurationName = Release;
		};
		ABC71B9C2903AF47002EF41D /* Build configuration list for PBXNativeTarget "Inflearn-SwiftUI" */ = {
			isa = XCConfigurationList;
			buildConfigurations = (
				ABC71B9D2903AF47002EF41D /* Debug */,
				ABC71B9E2903AF47002EF41D /* Release */,
			);
			defaultConfigurationIsVisible = 0;
			defaultConfigurationName = Release;
		};
/* End XCConfigurationList section */
	};
	rootObject = ABC71B862903AF45002EF41D /* Project object */;
}
