// !$*UTF8*$!
{
	archiveVersion = 1;
	classes = {
	};
	objectVersion = 56;
	objects = {

/* Begin PBXBuildFile section */
		AB206DCC290C119400EA4A65 /* MyAlert.swift in Sources */ = {isa = PBXBuildFile; fileRef = AB206DCB290C119400EA4A65 /* MyAlert.swift */; };
		AB206DCE290C149700EA4A65 /* MyTabView.swift in Sources */ = {isa = PBXBuildFile; fileRef = AB206DCD290C149700EA4A65 /* MyTabView.swift */; };
		AB206DD0290C164400EA4A65 /* MyToggle.swift in Sources */ = {isa = PBXBuildFile; fileRef = AB206DCF290C164400EA4A65 /* MyToggle.swift */; };
		AB206DD2290C179700EA4A65 /* MyTextField.swift in Sources */ = {isa = PBXBuildFile; fileRef = AB206DD1290C179700EA4A65 /* MyTextField.swift */; };
		AB206DD4290C189800EA4A65 /* MySecureField.swift in Sources */ = {isa = PBXBuildFile; fileRef = AB206DD3290C189800EA4A65 /* MySecureField.swift */; };
		AB206DD6290D4F5C00EA4A65 /* MyProgress.swift in Sources */ = {isa = PBXBuildFile; fileRef = AB206DD5290D4F5C00EA4A65 /* MyProgress.swift */; };
		AB206DD8290D52FA00EA4A65 /* MyLabel.swift in Sources */ = {isa = PBXBuildFile; fileRef = AB206DD7290D52FA00EA4A65 /* MyLabel.swift */; };
		AB206DDA290D548A00EA4A65 /* MyNavigationView.swift in Sources */ = {isa = PBXBuildFile; fileRef = AB206DD9290D548A00EA4A65 /* MyNavigationView.swift */; };
		AB8CFF0E2907D6DC009C3479 /* Inflearn_SwiftUI_Lv2App.swift in Sources */ = {isa = PBXBuildFile; fileRef = AB8CFF0D2907D6DC009C3479 /* Inflearn_SwiftUI_Lv2App.swift */; };
		AB8CFF102907D6DC009C3479 /* ContentView.swift in Sources */ = {isa = PBXBuildFile; fileRef = AB8CFF0F2907D6DC009C3479 /* ContentView.swift */; };
		AB8CFF122907D6DE009C3479 /* Assets.xcassets in Resources */ = {isa = PBXBuildFile; fileRef = AB8CFF112907D6DE009C3479 /* Assets.xcassets */; };
		AB8CFF152907D6DE009C3479 /* Preview Assets.xcassets in Resources */ = {isa = PBXBuildFile; fileRef = AB8CFF142907D6DE009C3479 /* Preview Assets.xcassets */; };
		AB8CFF1C2907D740009C3479 /* MyDarkColor.swift in Sources */ = {isa = PBXBuildFile; fileRef = AB8CFF1B2907D740009C3479 /* MyDarkColor.swift */; };
		AB8CFF1E2907D8E1009C3479 /* MyDivider.swift in Sources */ = {isa = PBXBuildFile; fileRef = AB8CFF1D2907D8E1009C3479 /* MyDivider.swift */; };
		AB8CFF202907DA8A009C3479 /* MyModal.swift in Sources */ = {isa = PBXBuildFile; fileRef = AB8CFF1F2907DA8A009C3479 /* MyModal.swift */; };
/* End PBXBuildFile section */

/* Begin PBXFileReference section */
		AB206DCB290C119400EA4A65 /* MyAlert.swift */ = {isa = PBXFileReference; lastKnownFileType = sourcecode.swift; path = MyAlert.swift; sourceTree = "<group>"; };
		AB206DCD290C149700EA4A65 /* MyTabView.swift */ = {isa = PBXFileReference; lastKnownFileType = sourcecode.swift; path = MyTabView.swift; sourceTree = "<group>"; };
		AB206DCF290C164400EA4A65 /* MyToggle.swift */ = {isa = PBXFileReference; lastKnownFileType = sourcecode.swift; path = MyToggle.swift; sourceTree = "<group>"; };
		AB206DD1290C179700EA4A65 /* MyTextField.swift */ = {isa = PBXFileReference; lastKnownFileType = sourcecode.swift; path = MyTextField.swift; sourceTree = "<group>"; };
		AB206DD3290C189800EA4A65 /* MySecureField.swift */ = {isa = PBXFileReference; lastKnownFileType = sourcecode.swift; path = MySecureField.swift; sourceTree = "<group>"; };
		AB206DD5290D4F5C00EA4A65 /* MyProgress.swift */ = {isa = PBXFileReference; lastKnownFileType = sourcecode.swift; path = MyProgress.swift; sourceTree = "<group>"; };
		AB206DD7290D52FA00EA4A65 /* MyLabel.swift */ = {isa = PBXFileReference; lastKnownFileType = sourcecode.swift; path = MyLabel.swift; sourceTree = "<group>"; };
		AB206DD9290D548A00EA4A65 /* MyNavigationView.swift */ = {isa = PBXFileReference; lastKnownFileType = sourcecode.swift; path = MyNavigationView.swift; sourceTree = "<group>"; };
		AB8CFF0A2907D6DC009C3479 /* Inflearn-SwiftUI-Lv2.app */ = {isa = PBXFileReference; explicitFileType = wrapper.application; includeInIndex = 0; path = "Inflearn-SwiftUI-Lv2.app"; sourceTree = BUILT_PRODUCTS_DIR; };
		AB8CFF0D2907D6DC009C3479 /* Inflearn_SwiftUI_Lv2App.swift */ = {isa = PBXFileReference; lastKnownFileType = sourcecode.swift; path = Inflearn_SwiftUI_Lv2App.swift; sourceTree = "<group>"; };
		AB8CFF0F2907D6DC009C3479 /* ContentView.swift */ = {isa = PBXFileReference; lastKnownFileType = sourcecode.swift; path = ContentView.swift; sourceTree = "<group>"; };
		AB8CFF112907D6DE009C3479 /* Assets.xcassets */ = {isa = PBXFileReference; lastKnownFileType = folder.assetcatalog; path = Assets.xcassets; sourceTree = "<group>"; };
		AB8CFF142907D6DE009C3479 /* Preview Assets.xcassets */ = {isa = PBXFileReference; lastKnownFileType = folder.assetcatalog; path = "Preview Assets.xcassets"; sourceTree = "<group>"; };
		AB8CFF1B2907D740009C3479 /* MyDarkColor.swift */ = {isa = PBXFileReference; lastKnownFileType = sourcecode.swift; path = MyDarkColor.swift; sourceTree = "<group>"; };
		AB8CFF1D2907D8E1009C3479 /* MyDivider.swift */ = {isa = PBXFileReference; lastKnownFileType = sourcecode.swift; path = MyDivider.swift; sourceTree = "<group>"; };
		AB8CFF1F2907DA8A009C3479 /* MyModal.swift */ = {isa = PBXFileReference; lastKnownFileType = sourcecode.swift; path = MyModal.swift; sourceTree = "<group>"; };
/* End PBXFileReference section */

/* Begin PBXFrameworksBuildPhase section */
		AB8CFF072907D6DC009C3479 /* Frameworks */ = {
			isa = PBXFrameworksBuildPhase;
			buildActionMask = 2147483647;
			files = (
			);
			runOnlyForDeploymentPostprocessing = 0;
		};
/* End PBXFrameworksBuildPhase section */

/* Begin PBXGroup section */
		AB8CFF012907D6DC009C3479 = {
			isa = PBXGroup;
			children = (
				AB8CFF0C2907D6DC009C3479 /* Inflearn-SwiftUI-Lv2 */,
				AB8CFF0B2907D6DC009C3479 /* Products */,
			);
			sourceTree = "<group>";
		};
		AB8CFF0B2907D6DC009C3479 /* Products */ = {
			isa = PBXGroup;
			children = (
				AB8CFF0A2907D6DC009C3479 /* Inflearn-SwiftUI-Lv2.app */,
			);
			name = Products;
			sourceTree = "<group>";
		};
		AB8CFF0C2907D6DC009C3479 /* Inflearn-SwiftUI-Lv2 */ = {
			isa = PBXGroup;
			children = (
				AB8CFF0D2907D6DC009C3479 /* Inflearn_SwiftUI_Lv2App.swift */,
				AB8CFF0F2907D6DC009C3479 /* ContentView.swift */,
				AB8CFF112907D6DE009C3479 /* Assets.xcassets */,
				AB8CFF132907D6DE009C3479 /* Preview Content */,
				AB8CFF1B2907D740009C3479 /* MyDarkColor.swift */,
				AB8CFF1D2907D8E1009C3479 /* MyDivider.swift */,
				AB8CFF1F2907DA8A009C3479 /* MyModal.swift */,
				AB206DCB290C119400EA4A65 /* MyAlert.swift */,
				AB206DCD290C149700EA4A65 /* MyTabView.swift */,
				AB206DCF290C164400EA4A65 /* MyToggle.swift */,
				AB206DD1290C179700EA4A65 /* MyTextField.swift */,
				AB206DD3290C189800EA4A65 /* MySecureField.swift */,
				AB206DD5290D4F5C00EA4A65 /* MyProgress.swift */,
				AB206DD7290D52FA00EA4A65 /* MyLabel.swift */,
				AB206DD9290D548A00EA4A65 /* MyNavigationView.swift */,
			);
			path = "Inflearn-SwiftUI-Lv2";
			sourceTree = "<group>";
		};
		AB8CFF132907D6DE009C3479 /* Preview Content */ = {
			isa = PBXGroup;
			children = (
				AB8CFF142907D6DE009C3479 /* Preview Assets.xcassets */,
			);
			path = "Preview Content";
			sourceTree = "<group>";
		};
/* End PBXGroup section */

/* Begin PBXNativeTarget section */
		AB8CFF092907D6DC009C3479 /* Inflearn-SwiftUI-Lv2 */ = {
			isa = PBXNativeTarget;
			buildConfigurationList = AB8CFF182907D6DE009C3479 /* Build configuration list for PBXNativeTarget "Inflearn-SwiftUI-Lv2" */;
			buildPhases = (
				AB8CFF062907D6DC009C3479 /* Sources */,
				AB8CFF072907D6DC009C3479 /* Frameworks */,
				AB8CFF082907D6DC009C3479 /* Resources */,
			);
			buildRules = (
			);
			dependencies = (
			);
			name = "Inflearn-SwiftUI-Lv2";
			productName = "Inflearn-SwiftUI-Lv2";
			productReference = AB8CFF0A2907D6DC009C3479 /* Inflearn-SwiftUI-Lv2.app */;
			productType = "com.apple.product-type.application";
		};
/* End PBXNativeTarget section */

/* Begin PBXProject section */
		AB8CFF022907D6DC009C3479 /* Project object */ = {
			isa = PBXProject;
			attributes = {
				BuildIndependentTargetsInParallel = 1;
				LastSwiftUpdateCheck = 1400;
				LastUpgradeCheck = 1400;
				TargetAttributes = {
					AB8CFF092907D6DC009C3479 = {
						CreatedOnToolsVersion = 14.0.1;
					};
				};
			};
			buildConfigurationList = AB8CFF052907D6DC009C3479 /* Build configuration list for PBXProject "Inflearn-SwiftUI-Lv2" */;
			compatibilityVersion = "Xcode 14.0";
			developmentRegion = en;
			hasScannedForEncodings = 0;
			knownRegions = (
				en,
				Base,
			);
			mainGroup = AB8CFF012907D6DC009C3479;
			productRefGroup = AB8CFF0B2907D6DC009C3479 /* Products */;
			projectDirPath = "";
			projectRoot = "";
			targets = (
				AB8CFF092907D6DC009C3479 /* Inflearn-SwiftUI-Lv2 */,
			);
		};
/* End PBXProject section */

/* Begin PBXResourcesBuildPhase section */
		AB8CFF082907D6DC009C3479 /* Resources */ = {
			isa = PBXResourcesBuildPhase;
			buildActionMask = 2147483647;
			files = (
				AB8CFF152907D6DE009C3479 /* Preview Assets.xcassets in Resources */,
				AB8CFF122907D6DE009C3479 /* Assets.xcassets in Resources */,
			);
			runOnlyForDeploymentPostprocessing = 0;
		};
/* End PBXResourcesBuildPhase section */

/* Begin PBXSourcesBuildPhase section */
		AB8CFF062907D6DC009C3479 /* Sources */ = {
			isa = PBXSourcesBuildPhase;
			buildActionMask = 2147483647;
			files = (
				AB8CFF1C2907D740009C3479 /* MyDarkColor.swift in Sources */,
				AB206DD6290D4F5C00EA4A65 /* MyProgress.swift in Sources */,
				AB206DD8290D52FA00EA4A65 /* MyLabel.swift in Sources */,
				AB206DD0290C164400EA4A65 /* MyToggle.swift in Sources */,
				AB8CFF102907D6DC009C3479 /* ContentView.swift in Sources */,
				AB206DD4290C189800EA4A65 /* MySecureField.swift in Sources */,
				AB206DDA290D548A00EA4A65 /* MyNavigationView.swift in Sources */,
				AB206DD2290C179700EA4A65 /* MyTextField.swift in Sources */,
				AB8CFF0E2907D6DC009C3479 /* Inflearn_SwiftUI_Lv2App.swift in Sources */,
				AB8CFF1E2907D8E1009C3479 /* MyDivider.swift in Sources */,
				AB206DCC290C119400EA4A65 /* MyAlert.swift in Sources */,
				AB8CFF202907DA8A009C3479 /* MyModal.swift in Sources */,
				AB206DCE290C149700EA4A65 /* MyTabView.swift in Sources */,
			);
			runOnlyForDeploymentPostprocessing = 0;
		};
/* End PBXSourcesBuildPhase section */

/* Begin XCBuildConfiguration section */
		AB8CFF162907D6DE009C3479 /* Debug */ = {
			isa = XCBuildConfiguration;
			buildSettings = {
				ALWAYS_SEARCH_USER_PATHS = NO;
				CLANG_ANALYZER_NONNULL = YES;
				CLANG_ANALYZER_NUMBER_OBJECT_CONVERSION = YES_AGGRESSIVE;
				CLANG_CXX_LANGUAGE_STANDARD = "gnu++20";
				CLANG_ENABLE_MODULES = YES;
				CLANG_ENABLE_OBJC_ARC = YES;
				CLANG_ENABLE_OBJC_WEAK = YES;
				CLANG_WARN_BLOCK_CAPTURE_AUTORELEASING = YES;
				CLANG_WARN_BOOL_CONVERSION = YES;
				CLANG_WARN_COMMA = YES;
				CLANG_WARN_CONSTANT_CONVERSION = YES;
				CLANG_WARN_DEPRECATED_OBJC_IMPLEMENTATIONS = YES;
				CLANG_WARN_DIRECT_OBJC_ISA_USAGE = YES_ERROR;
				CLANG_WARN_DOCUMENTATION_COMMENTS = YES;
				CLANG_WARN_EMPTY_BODY = YES;
				CLANG_WARN_ENUM_CONVERSION = YES;
				CLANG_WARN_INFINITE_RECURSION = YES;
				CLANG_WARN_INT_CONVERSION = YES;
				CLANG_WARN_NON_LITERAL_NULL_CONVERSION = YES;
				CLANG_WARN_OBJC_IMPLICIT_RETAIN_SELF = YES;
				CLANG_WARN_OBJC_LITERAL_CONVERSION = YES;
				CLANG_WARN_OBJC_ROOT_CLASS = YES_ERROR;
				CLANG_WARN_QUOTED_INCLUDE_IN_FRAMEWORK_HEADER = YES;
				CLANG_WARN_RANGE_LOOP_ANALYSIS = YES;
				CLANG_WARN_STRICT_PROTOTYPES = YES;
				CLANG_WARN_SUSPICIOUS_MOVE = YES;
				CLANG_WARN_UNGUARDED_AVAILABILITY = YES_AGGRESSIVE;
				CLANG_WARN_UNREACHABLE_CODE = YES;
				CLANG_WARN__DUPLICATE_METHOD_MATCH = YES;
				COPY_PHASE_STRIP = NO;
				DEBUG_INFORMATION_FORMAT = dwarf;
				ENABLE_STRICT_OBJC_MSGSEND = YES;
				ENABLE_TESTABILITY = YES;
				GCC_C_LANGUAGE_STANDARD = gnu11;
				GCC_DYNAMIC_NO_PIC = NO;
				GCC_NO_COMMON_BLOCKS = YES;
				GCC_OPTIMIZATION_LEVEL = 0;
				GCC_PREPROCESSOR_DEFINITIONS = (
					"DEBUG=1",
					"$(inherited)",
				);
				GCC_WARN_64_TO_32_BIT_CONVERSION = YES;
				GCC_WARN_ABOUT_RETURN_TYPE = YES_ERROR;
				GCC_WARN_UNDECLARED_SELECTOR = YES;
				GCC_WARN_UNINITIALIZED_AUTOS = YES_AGGRESSIVE;
				GCC_WARN_UNUSED_FUNCTION = YES;
				GCC_WARN_UNUSED_VARIABLE = YES;
				IPHONEOS_DEPLOYMENT_TARGET = 16.0;
				MTL_ENABLE_DEBUG_INFO = INCLUDE_SOURCE;
				MTL_FAST_MATH = YES;
				ONLY_ACTIVE_ARCH = YES;
				SDKROOT = iphoneos;
				SWIFT_ACTIVE_COMPILATION_CONDITIONS = DEBUG;
				SWIFT_OPTIMIZATION_LEVEL = "-Onone";
			};
			name = Debug;
		};
		AB8CFF172907D6DE009C3479 /* Release */ = {
			isa = XCBuildConfiguration;
			buildSettings = {
				ALWAYS_SEARCH_USER_PATHS = NO;
				CLANG_ANALYZER_NONNULL = YES;
				CLANG_ANALYZER_NUMBER_OBJECT_CONVERSION = YES_AGGRESSIVE;
				CLANG_CXX_LANGUAGE_STANDARD = "gnu++20";
				CLANG_ENABLE_MODULES = YES;
				CLANG_ENABLE_OBJC_ARC = YES;
				CLANG_ENABLE_OBJC_WEAK = YES;
				CLANG_WARN_BLOCK_CAPTURE_AUTORELEASING = YES;
				CLANG_WARN_BOOL_CONVERSION = YES;
				CLANG_WARN_COMMA = YES;
				CLANG_WARN_CONSTANT_CONVERSION = YES;
				CLANG_WARN_DEPRECATED_OBJC_IMPLEMENTATIONS = YES;
				CLANG_WARN_DIRECT_OBJC_ISA_USAGE = YES_ERROR;
				CLANG_WARN_DOCUMENTATION_COMMENTS = YES;
				CLANG_WARN_EMPTY_BODY = YES;
				CLANG_WARN_ENUM_CONVERSION = YES;
				CLANG_WARN_INFINITE_RECURSION = YES;
				CLANG_WARN_INT_CONVERSION = YES;
				CLANG_WARN_NON_LITERAL_NULL_CONVERSION = YES;
				CLANG_WARN_OBJC_IMPLICIT_RETAIN_SELF = YES;
				CLANG_WARN_OBJC_LITERAL_CONVERSION = YES;
				CLANG_WARN_OBJC_ROOT_CLASS = YES_ERROR;
				CLANG_WARN_QUOTED_INCLUDE_IN_FRAMEWORK_HEADER = YES;
				CLANG_WARN_RANGE_LOOP_ANALYSIS = YES;
				CLANG_WARN_STRICT_PROTOTYPES = YES;
				CLANG_WARN_SUSPICIOUS_MOVE = YES;
				CLANG_WARN_UNGUARDED_AVAILABILITY = YES_AGGRESSIVE;
				CLANG_WARN_UNREACHABLE_CODE = YES;
				CLANG_WARN__DUPLICATE_METHOD_MATCH = YES;
				COPY_PHASE_STRIP = NO;
				DEBUG_INFORMATION_FORMAT = "dwarf-with-dsym";
				ENABLE_NS_ASSERTIONS = NO;
				ENABLE_STRICT_OBJC_MSGSEND = YES;
				GCC_C_LANGUAGE_STANDARD = gnu11;
				GCC_NO_COMMON_BLOCKS = YES;
				GCC_WARN_64_TO_32_BIT_CONVERSION = YES;
				GCC_WARN_ABOUT_RETURN_TYPE = YES_ERROR;
				GCC_WARN_UNDECLARED_SELECTOR = YES;
				GCC_WARN_UNINITIALIZED_AUTOS = YES_AGGRESSIVE;
				GCC_WARN_UNUSED_FUNCTION = YES;
				GCC_WARN_UNUSED_VARIABLE = YES;
				IPHONEOS_DEPLOYMENT_TARGET = 16.0;
				MTL_ENABLE_DEBUG_INFO = NO;
				MTL_FAST_MATH = YES;
				SDKROOT = iphoneos;
				SWIFT_COMPILATION_MODE = wholemodule;
				SWIFT_OPTIMIZATION_LEVEL = "-O";
				VALIDATE_PRODUCT = YES;
			};
			name = Release;
		};
		AB8CFF192907D6DE009C3479 /* Debug */ = {
			isa = XCBuildConfiguration;
			buildSettings = {
				ASSETCATALOG_COMPILER_APPICON_NAME = AppIcon;
				ASSETCATALOG_COMPILER_GLOBAL_ACCENT_COLOR_NAME = AccentColor;
				CODE_SIGN_STYLE = Automatic;
				CURRENT_PROJECT_VERSION = 1;
				DEVELOPMENT_ASSET_PATHS = "\"Inflearn-SwiftUI-Lv2/Preview Content\"";
				DEVELOPMENT_TEAM = N3H5YNSQ64;
				ENABLE_PREVIEWS = YES;
				GENERATE_INFOPLIST_FILE = YES;
				INFOPLIST_KEY_UIApplicationSceneManifest_Generation = YES;
				INFOPLIST_KEY_UIApplicationSupportsIndirectInputEvents = YES;
				INFOPLIST_KEY_UILaunchScreen_Generation = YES;
				INFOPLIST_KEY_UISupportedInterfaceOrientations_iPad = "UIInterfaceOrientationPortrait UIInterfaceOrientationPortraitUpsideDown UIInterfaceOrientationLandscapeLeft UIInterfaceOrientationLandscapeRight";
				INFOPLIST_KEY_UISupportedInterfaceOrientations_iPhone = "UIInterfaceOrientationPortrait UIInterfaceOrientationLandscapeLeft UIInterfaceOrientationLandscapeRight";
				LD_RUNPATH_SEARCH_PATHS = (
					"$(inherited)",
					"@executable_path/Frameworks",
				);
				MARKETING_VERSION = 1.0;
				PRODUCT_BUNDLE_IDENTIFIER = "min.Inflearn-SwiftUI-Lv2";
				PRODUCT_NAME = "$(TARGET_NAME)";
				SWIFT_EMIT_LOC_STRINGS = YES;
				SWIFT_VERSION = 5.0;
				TARGETED_DEVICE_FAMILY = "1,2";
			};
			name = Debug;
		};
		AB8CFF1A2907D6DE009C3479 /* Release */ = {
			isa = XCBuildConfiguration;
			buildSettings = {
				ASSETCATALOG_COMPILER_APPICON_NAME = AppIcon;
				ASSETCATALOG_COMPILER_GLOBAL_ACCENT_COLOR_NAME = AccentColor;
				CODE_SIGN_STYLE = Automatic;
				CURRENT_PROJECT_VERSION = 1;
				DEVELOPMENT_ASSET_PATHS = "\"Inflearn-SwiftUI-Lv2/Preview Content\"";
				DEVELOPMENT_TEAM = N3H5YNSQ64;
				ENABLE_PREVIEWS = YES;
				GENERATE_INFOPLIST_FILE = YES;
				INFOPLIST_KEY_UIApplicationSceneManifest_Generation = YES;
				INFOPLIST_KEY_UIApplicationSupportsIndirectInputEvents = YES;
				INFOPLIST_KEY_UILaunchScreen_Generation = YES;
				INFOPLIST_KEY_UISupportedInterfaceOrientations_iPad = "UIInterfaceOrientationPortrait UIInterfaceOrientationPortraitUpsideDown UIInterfaceOrientationLandscapeLeft UIInterfaceOrientationLandscapeRight";
				INFOPLIST_KEY_UISupportedInterfaceOrientations_iPhone = "UIInterfaceOrientationPortrait UIInterfaceOrientationLandscapeLeft UIInterfaceOrientationLandscapeRight";
				LD_RUNPATH_SEARCH_PATHS = (
					"$(inherited)",
					"@executable_path/Frameworks",
				);
				MARKETING_VERSION = 1.0;
				PRODUCT_BUNDLE_IDENTIFIER = "min.Inflearn-SwiftUI-Lv2";
				PRODUCT_NAME = "$(TARGET_NAME)";
				SWIFT_EMIT_LOC_STRINGS = YES;
				SWIFT_VERSION = 5.0;
				TARGETED_DEVICE_FAMILY = "1,2";
			};
			name = Release;
		};
/* End XCBuildConfiguration section */

/* Begin XCConfigurationList section */
		AB8CFF052907D6DC009C3479 /* Build configuration list for PBXProject "Inflearn-SwiftUI-Lv2" */ = {
			isa = XCConfigurationList;
			buildConfigurations = (
				AB8CFF162907D6DE009C3479 /* Debug */,
				AB8CFF172907D6DE009C3479 /* Release */,
			);
			defaultConfigurationIsVisible = 0;
			defaultConfigurationName = Release;
		};
		AB8CFF182907D6DE009C3479 /* Build configuration list for PBXNativeTarget "Inflearn-SwiftUI-Lv2" */ = {
			isa = XCConfigurationList;
			buildConfigurations = (
				AB8CFF192907D6DE009C3479 /* Debug */,
				AB8CFF1A2907D6DE009C3479 /* Release */,
			);
			defaultConfigurationIsVisible = 0;
			defaultConfigurationName = Release;
		};
/* End XCConfigurationList section */
	};
	rootObject = AB8CFF022907D6DC009C3479 /* Project object */;
}
